// !$*UTF8*$!
{
	archiveVersion = 1;
	classes = {
	};
	objectVersion = 70;
	objects = {

/* Begin PBXBuildFile section */
		12CA5B5E2819576900DBAD3A /* AppDelegate.swift in Sources */ = {isa = PBXBuildFile; fileRef = 12CA5B5D2819576900DBAD3A /* AppDelegate.swift */; };
		12CA5B602819576900DBAD3A /* SceneDelegate.swift in Sources */ = {isa = PBXBuildFile; fileRef = 12CA5B5F2819576900DBAD3A /* SceneDelegate.swift */; };
		12CA5B622819576900DBAD3A /* ViewController.swift in Sources */ = {isa = PBXBuildFile; fileRef = 12CA5B612819576900DBAD3A /* ViewController.swift */; };
		12CA5B652819576900DBAD3A /* Main.storyboard in Resources */ = {isa = PBXBuildFile; fileRef = 12CA5B632819576900DBAD3A /* Main.storyboard */; };
		12CA5B682819576900DBAD3A /* HW_12_Abramov_Pavel_iOS5_Pomadoro.xcdatamodeld in Sources */ = {isa = PBXBuildFile; fileRef = 12CA5B662819576900DBAD3A /* HW_12_Abramov_Pavel_iOS5_Pomadoro.xcdatamodeld */; };
		12CA5B6A2819577900DBAD3A /* Assets.xcassets in Resources */ = {isa = PBXBuildFile; fileRef = 12CA5B692819577900DBAD3A /* Assets.xcassets */; };
		12CA5B6D2819577900DBAD3A /* LaunchScreen.storyboard in Resources */ = {isa = PBXBuildFile; fileRef = 12CA5B6B2819577900DBAD3A /* LaunchScreen.storyboard */; };
		1893AA8D2D35C04B000810B7 /* UIDatePicker + Extancion.swift in Sources */ = {isa = PBXBuildFile; fileRef = 1893AA8C2D35C02C000810B7 /* UIDatePicker + Extancion.swift */; };
		1893AA8F2D35C4A5000810B7 /* IconButton + Extancion.swift in Sources */ = {isa = PBXBuildFile; fileRef = 1893AA8E2D35C424000810B7 /* IconButton + Extancion.swift */; };
		18A0DF7C2CD99FA500F3D354 /* UI + Extancion.swift in Sources */ = {isa = PBXBuildFile; fileRef = 18A0DF7B2CD99F9600F3D354 /* UI + Extancion.swift */; };
		18AD772C2D61AE9400B58FDF /* UIView + Extancion.swift in Sources */ = {isa = PBXBuildFile; fileRef = 18AD772B2D61AE8200B58FDF /* UIView + Extancion.swift */; };
		18E621FC2CE199F60097EE8A /* UIColor + Extyancion.swift in Sources */ = {isa = PBXBuildFile; fileRef = 18E621FB2CE199E60097EE8A /* UIColor + Extyancion.swift */; };
		18E621FE2CE1A4240097EE8A /* Description.swift in Sources */ = {isa = PBXBuildFile; fileRef = 18E621FD2CE1A3FF0097EE8A /* Description.swift */; };
		18E622082CE2BBB50097EE8A /* UILabel+ Extancion.swift in Sources */ = {isa = PBXBuildFile; fileRef = 18E622072CE2BBB50097EE8A /* UILabel+ Extancion.swift */; };
		18E6220B2CE2F1C20097EE8A /* ColorButton.swift in Sources */ = {isa = PBXBuildFile; fileRef = 18E6220A2CE2F1B40097EE8A /* ColorButton.swift */; };
		18E6220E2CE2F4710097EE8A /* UIStackView.swift in Sources */ = {isa = PBXBuildFile; fileRef = 18E6220D2CE2F4660097EE8A /* UIStackView.swift */; };
/* End PBXBuildFile section */

/* Begin PBXFileReference section */
		12CA5B5A2819576900DBAD3A /* Pomadoro.app */ = {isa = PBXFileReference; explicitFileType = wrapper.application; includeInIndex = 0; path = Pomadoro.app; sourceTree = BUILT_PRODUCTS_DIR; };
		12CA5B5D2819576900DBAD3A /* AppDelegate.swift */ = {isa = PBXFileReference; lastKnownFileType = sourcecode.swift; path = AppDelegate.swift; sourceTree = "<group>"; };
		12CA5B5F2819576900DBAD3A /* SceneDelegate.swift */ = {isa = PBXFileReference; lastKnownFileType = sourcecode.swift; path = SceneDelegate.swift; sourceTree = "<group>"; };
		12CA5B612819576900DBAD3A /* ViewController.swift */ = {isa = PBXFileReference; lastKnownFileType = sourcecode.swift; path = ViewController.swift; sourceTree = "<group>"; };
		12CA5B642819576900DBAD3A /* Base */ = {isa = PBXFileReference; lastKnownFileType = file.storyboard; name = Base; path = Base.lproj/Main.storyboard; sourceTree = "<group>"; };
		12CA5B672819576900DBAD3A /* HW_12_Abramov_Pavel_iOS5_Pomadoro.xcdatamodel */ = {isa = PBXFileReference; lastKnownFileType = wrapper.xcdatamodel; path = HW_12_Abramov_Pavel_iOS5_Pomadoro.xcdatamodel; sourceTree = "<group>"; };
		12CA5B692819577900DBAD3A /* Assets.xcassets */ = {isa = PBXFileReference; lastKnownFileType = folder.assetcatalog; path = Assets.xcassets; sourceTree = "<group>"; };
		12CA5B6C2819577900DBAD3A /* Base */ = {isa = PBXFileReference; lastKnownFileType = file.storyboard; name = Base; path = Base.lproj/LaunchScreen.storyboard; sourceTree = "<group>"; };
		12CA5B6E2819577900DBAD3A /* Info.plist */ = {isa = PBXFileReference; lastKnownFileType = text.plist.xml; path = Info.plist; sourceTree = "<group>"; };
		1893AA8C2D35C02C000810B7 /* UIDatePicker + Extancion.swift */ = {isa = PBXFileReference; lastKnownFileType = sourcecode.swift; path = "UIDatePicker + Extancion.swift"; sourceTree = "<group>"; };
		1893AA8E2D35C424000810B7 /* IconButton + Extancion.swift */ = {isa = PBXFileReference; lastKnownFileType = sourcecode.swift; path = "IconButton + Extancion.swift"; sourceTree = "<group>"; };
		18A0DF7B2CD99F9600F3D354 /* UI + Extancion.swift */ = {isa = PBXFileReference; lastKnownFileType = sourcecode.swift; path = "UI + Extancion.swift"; sourceTree = "<group>"; };
		18AD772B2D61AE8200B58FDF /* UIView + Extancion.swift */ = {isa = PBXFileReference; lastKnownFileType = sourcecode.swift; path = "UIView + Extancion.swift"; sourceTree = "<group>"; };
		18E621FB2CE199E60097EE8A /* UIColor + Extyancion.swift */ = {isa = PBXFileReference; lastKnownFileType = sourcecode.swift; path = "UIColor + Extyancion.swift"; sourceTree = "<group>"; };
		18E621FD2CE1A3FF0097EE8A /* Description.swift */ = {isa = PBXFileReference; lastKnownFileType = sourcecode.swift; path = Description.swift; sourceTree = "<group>"; };
		18E622072CE2BBB50097EE8A /* UILabel+ Extancion.swift */ = {isa = PBXFileReference; lastKnownFileType = sourcecode.swift; path = "UILabel+ Extancion.swift"; sourceTree = "<group>"; };
		18E6220A2CE2F1B40097EE8A /* ColorButton.swift */ = {isa = PBXFileReference; lastKnownFileType = sourcecode.swift; path = ColorButton.swift; sourceTree = "<group>"; };
		18E6220D2CE2F4660097EE8A /* UIStackView.swift */ = {isa = PBXFileReference; lastKnownFileType = sourcecode.swift; path = UIStackView.swift; sourceTree = "<group>"; };
/* End PBXFileReference section */

/* Begin PBXFileSystemSynchronizedRootGroup section */
		18AD772D2D6EFE1500B58FDF /* SettingView */ = {isa = PBXFileSystemSynchronizedRootGroup; explicitFileTypes = {}; explicitFolders = (); path = SettingView; sourceTree = "<group>"; };
/* End PBXFileSystemSynchronizedRootGroup section */

/* Begin PBXFrameworksBuildPhase section */
		12CA5B572819576900DBAD3A /* Frameworks */ = {
			isa = PBXFrameworksBuildPhase;
			buildActionMask = 2147483647;
			files = (
			);
			runOnlyForDeploymentPostprocessing = 0;
		};
/* End PBXFrameworksBuildPhase section */

/* Begin PBXGroup section */
		12CA5B512819576900DBAD3A = {
			isa = PBXGroup;
			children = (
				12CA5B5C2819576900DBAD3A /* Pomadoro */,
				12CA5B5B2819576900DBAD3A /* Products */,
			);
			sourceTree = "<group>";
		};
		12CA5B5B2819576900DBAD3A /* Products */ = {
			isa = PBXGroup;
			children = (
				12CA5B5A2819576900DBAD3A /* Pomadoro.app */,
			);
			name = Products;
			sourceTree = "<group>";
		};
		12CA5B5C2819576900DBAD3A /* Pomadoro */ = {
			isa = PBXGroup;
			children = (
				18AD772D2D6EFE1500B58FDF /* SettingView */,
				18E622022CE1B3500097EE8A /* DescriptionScreen */,
				18E622012CE1B3390097EE8A /* MainScreen */,
				18E622002CE1B3090097EE8A /* Aplication */,
				18E621FF2CE1B2DF0097EE8A /* Extancions */,
				12CA5B632819576900DBAD3A /* Main.storyboard */,
				12CA5B692819577900DBAD3A /* Assets.xcassets */,
				12CA5B6B2819577900DBAD3A /* LaunchScreen.storyboard */,
				12CA5B6E2819577900DBAD3A /* Info.plist */,
				12CA5B662819576900DBAD3A /* HW_12_Abramov_Pavel_iOS5_Pomadoro.xcdatamodeld */,
			);
			path = Pomadoro;
			sourceTree = "<group>";
		};
		18E621FF2CE1B2DF0097EE8A /* Extancions */ = {
			isa = PBXGroup;
			children = (
				18E6220C2CE2F4490097EE8A /* UIKit */,
				18E622092CE2F1980097EE8A /* Componrnts */,
			);
			path = Extancions;
			sourceTree = "<group>";
		};
		18E622002CE1B3090097EE8A /* Aplication */ = {
			isa = PBXGroup;
			children = (
				12CA5B5F2819576900DBAD3A /* SceneDelegate.swift */,
				12CA5B5D2819576900DBAD3A /* AppDelegate.swift */,
			);
			path = Aplication;
			sourceTree = "<group>";
		};
		18E622012CE1B3390097EE8A /* MainScreen */ = {
			isa = PBXGroup;
			children = (
				12CA5B612819576900DBAD3A /* ViewController.swift */,
			);
			path = MainScreen;
			sourceTree = "<group>";
		};
		18E622022CE1B3500097EE8A /* DescriptionScreen */ = {
			isa = PBXGroup;
			children = (
				18E621FD2CE1A3FF0097EE8A /* Description.swift */,
			);
			path = DescriptionScreen;
			sourceTree = "<group>";
		};
		18E622092CE2F1980097EE8A /* Componrnts */ = {
			isa = PBXGroup;
			children = (
				1893AA8E2D35C424000810B7 /* IconButton + Extancion.swift */,
				1893AA8C2D35C02C000810B7 /* UIDatePicker + Extancion.swift */,
				18E6220A2CE2F1B40097EE8A /* ColorButton.swift */,
				18E622072CE2BBB50097EE8A /* UILabel+ Extancion.swift */,
			);
			path = Componrnts;
			sourceTree = "<group>";
		};
		18E6220C2CE2F4490097EE8A /* UIKit */ = {
			isa = PBXGroup;
			children = (
				18AD772B2D61AE8200B58FDF /* UIView + Extancion.swift */,
				18E6220D2CE2F4660097EE8A /* UIStackView.swift */,
				18A0DF7B2CD99F9600F3D354 /* UI + Extancion.swift */,
				18E621FB2CE199E60097EE8A /* UIColor + Extyancion.swift */,
			);
			path = UIKit;
			sourceTree = "<group>";
		};
/* End PBXGroup section */

/* Begin PBXNativeTarget section */
		12CA5B592819576900DBAD3A /* Pomadoro */ = {
			isa = PBXNativeTarget;
			buildConfigurationList = 12CA5B712819577900DBAD3A /* Build configuration list for PBXNativeTarget "Pomadoro" */;
			buildPhases = (
				12CA5B562819576900DBAD3A /* Sources */,
				12CA5B572819576900DBAD3A /* Frameworks */,
				12CA5B582819576900DBAD3A /* Resources */,
			);
			buildRules = (
			);
			dependencies = (
			);
			fileSystemSynchronizedGroups = (
				18AD772D2D6EFE1500B58FDF /* SettingView */,
			);
			name = Pomadoro;
			productName = "HW-12-Abramov-Pavel-iOS5-Pomadoro";
			productReference = 12CA5B5A2819576900DBAD3A /* Pomadoro.app */;
			productType = "com.apple.product-type.application";
		};
/* End PBXNativeTarget section */

/* Begin PBXProject section */
		12CA5B522819576900DBAD3A /* Project object */ = {
			isa = PBXProject;
			attributes = {
				BuildIndependentTargetsInParallel = 1;
				LastSwiftUpdateCheck = 1330;
				LastUpgradeCheck = 1330;
				TargetAttributes = {
					12CA5B592819576900DBAD3A = {
						CreatedOnToolsVersion = 13.3;
					};
				};
			};
			buildConfigurationList = 12CA5B552819576900DBAD3A /* Build configuration list for PBXProject "Pomadoro" */;
			compatibilityVersion = "Xcode 13.0";
			developmentRegion = en;
			hasScannedForEncodings = 0;
			knownRegions = (
				en,
				Base,
			);
			mainGroup = 12CA5B512819576900DBAD3A;
			productRefGroup = 12CA5B5B2819576900DBAD3A /* Products */;
			projectDirPath = "";
			projectRoot = "";
			targets = (
				12CA5B592819576900DBAD3A /* Pomadoro */,
			);
		};
/* End PBXProject section */

/* Begin PBXResourcesBuildPhase section */
		12CA5B582819576900DBAD3A /* Resources */ = {
			isa = PBXResourcesBuildPhase;
			buildActionMask = 2147483647;
			files = (
				12CA5B6D2819577900DBAD3A /* LaunchScreen.storyboard in Resources */,
				12CA5B6A2819577900DBAD3A /* Assets.xcassets in Resources */,
				12CA5B652819576900DBAD3A /* Main.storyboard in Resources */,
			);
			runOnlyForDeploymentPostprocessing = 0;
		};
/* End PBXResourcesBuildPhase section */

/* Begin PBXSourcesBuildPhase section */
		12CA5B562819576900DBAD3A /* Sources */ = {
			isa = PBXSourcesBuildPhase;
			buildActionMask = 2147483647;
			files = (
				18A0DF7C2CD99FA500F3D354 /* UI + Extancion.swift in Sources */,
				12CA5B682819576900DBAD3A /* HW_12_Abramov_Pavel_iOS5_Pomadoro.xcdatamodeld in Sources */,
				1893AA8F2D35C4A5000810B7 /* IconButton + Extancion.swift in Sources */,
				18E621FE2CE1A4240097EE8A /* Description.swift in Sources */,
				18E6220B2CE2F1C20097EE8A /* ColorButton.swift in Sources */,
				18AD772C2D61AE9400B58FDF /* UIView + Extancion.swift in Sources */,
				12CA5B622819576900DBAD3A /* ViewController.swift in Sources */,
				18E622082CE2BBB50097EE8A /* UILabel+ Extancion.swift in Sources */,
				18E6220E2CE2F4710097EE8A /* UIStackView.swift in Sources */,
				18E621FC2CE199F60097EE8A /* UIColor + Extyancion.swift in Sources */,
				12CA5B5E2819576900DBAD3A /* AppDelegate.swift in Sources */,
				12CA5B602819576900DBAD3A /* SceneDelegate.swift in Sources */,
				1893AA8D2D35C04B000810B7 /* UIDatePicker + Extancion.swift in Sources */,
			);
			runOnlyForDeploymentPostprocessing = 0;
		};
/* End PBXSourcesBuildPhase section */

/* Begin PBXVariantGroup section */
		12CA5B632819576900DBAD3A /* Main.storyboard */ = {
			isa = PBXVariantGroup;
			children = (
				12CA5B642819576900DBAD3A /* Base */,
			);
			name = Main.storyboard;
			sourceTree = "<group>";
		};
		12CA5B6B2819577900DBAD3A /* LaunchScreen.storyboard */ = {
			isa = PBXVariantGroup;
			children = (
				12CA5B6C2819577900DBAD3A /* Base */,
			);
			name = LaunchScreen.storyboard;
			sourceTree = "<group>";
		};
/* End PBXVariantGroup section */

/* Begin XCBuildConfiguration section */
		12CA5B6F2819577900DBAD3A /* Debug */ = {
			isa = XCBuildConfiguration;
			buildSettings = {
				ALWAYS_SEARCH_USER_PATHS = NO;
				CLANG_ANALYZER_NONNULL = YES;
				CLANG_ANALYZER_NUMBER_OBJECT_CONVERSION = YES_AGGRESSIVE;
				CLANG_CXX_LANGUAGE_STANDARD = "gnu++17";
				CLANG_ENABLE_MODULES = YES;
				CLANG_ENABLE_OBJC_ARC = YES;
				CLANG_ENABLE_OBJC_WEAK = YES;
				CLANG_WARN_BLOCK_CAPTURE_AUTORELEASING = YES;
				CLANG_WARN_BOOL_CONVERSION = YES;
				CLANG_WARN_COMMA = YES;
				CLANG_WARN_CONSTANT_CONVERSION = YES;
				CLANG_WARN_DEPRECATED_OBJC_IMPLEMENTATIONS = YES;
				CLANG_WARN_DIRECT_OBJC_ISA_USAGE = YES_ERROR;
				CLANG_WARN_DOCUMENTATION_COMMENTS = YES;
				CLANG_WARN_EMPTY_BODY = YES;
				CLANG_WARN_ENUM_CONVERSION = YES;
				CLANG_WARN_INFINITE_RECURSION = YES;
				CLANG_WARN_INT_CONVERSION = YES;
				CLANG_WARN_NON_LITERAL_NULL_CONVERSION = YES;
				CLANG_WARN_OBJC_IMPLICIT_RETAIN_SELF = YES;
				CLANG_WARN_OBJC_LITERAL_CONVERSION = YES;
				CLANG_WARN_OBJC_ROOT_CLASS = YES_ERROR;
				CLANG_WARN_QUOTED_INCLUDE_IN_FRAMEWORK_HEADER = YES;
				CLANG_WARN_RANGE_LOOP_ANALYSIS = YES;
				CLANG_WARN_STRICT_PROTOTYPES = YES;
				CLANG_WARN_SUSPICIOUS_MOVE = YES;
				CLANG_WARN_UNGUARDED_AVAILABILITY = YES_AGGRESSIVE;
				CLANG_WARN_UNREACHABLE_CODE = YES;
				CLANG_WARN__DUPLICATE_METHOD_MATCH = YES;
				COPY_PHASE_STRIP = NO;
				DEBUG_INFORMATION_FORMAT = dwarf;
				ENABLE_STRICT_OBJC_MSGSEND = YES;
				ENABLE_TESTABILITY = YES;
				GCC_C_LANGUAGE_STANDARD = gnu11;
				GCC_DYNAMIC_NO_PIC = NO;
				GCC_NO_COMMON_BLOCKS = YES;
				GCC_OPTIMIZATION_LEVEL = 0;
				GCC_PREPROCESSOR_DEFINITIONS = (
					"DEBUG=1",
					"$(inherited)",
				);
				GCC_WARN_64_TO_32_BIT_CONVERSION = YES;
				GCC_WARN_ABOUT_RETURN_TYPE = YES_ERROR;
				GCC_WARN_UNDECLARED_SELECTOR = YES;
				GCC_WARN_UNINITIALIZED_AUTOS = YES_AGGRESSIVE;
				GCC_WARN_UNUSED_FUNCTION = YES;
				GCC_WARN_UNUSED_VARIABLE = YES;
				IPHONEOS_DEPLOYMENT_TARGET = 15.4;
				MTL_ENABLE_DEBUG_INFO = INCLUDE_SOURCE;
				MTL_FAST_MATH = YES;
				ONLY_ACTIVE_ARCH = YES;
				SDKROOT = iphoneos;
				SWIFT_ACTIVE_COMPILATION_CONDITIONS = DEBUG;
				SWIFT_OPTIMIZATION_LEVEL = "-Onone";
			};
			name = Debug;
		};
		12CA5B702819577900DBAD3A /* Release */ = {
			isa = XCBuildConfiguration;
			buildSettings = {
				ALWAYS_SEARCH_USER_PATHS = NO;
				CLANG_ANALYZER_NONNULL = YES;
				CLANG_ANALYZER_NUMBER_OBJECT_CONVERSION = YES_AGGRESSIVE;
				CLANG_CXX_LANGUAGE_STANDARD = "gnu++17";
				CLANG_ENABLE_MODULES = YES;
				CLANG_ENABLE_OBJC_ARC = YES;
				CLANG_ENABLE_OBJC_WEAK = YES;
				CLANG_WARN_BLOCK_CAPTURE_AUTORELEASING = YES;
				CLANG_WARN_BOOL_CONVERSION = YES;
				CLANG_WARN_COMMA = YES;
				CLANG_WARN_CONSTANT_CONVERSION = YES;
				CLANG_WARN_DEPRECATED_OBJC_IMPLEMENTATIONS = YES;
				CLANG_WARN_DIRECT_OBJC_ISA_USAGE = YES_ERROR;
				CLANG_WARN_DOCUMENTATION_COMMENTS = YES;
				CLANG_WARN_EMPTY_BODY = YES;
				CLANG_WARN_ENUM_CONVERSION = YES;
				CLANG_WARN_INFINITE_RECURSION = YES;
				CLANG_WARN_INT_CONVERSION = YES;
				CLANG_WARN_NON_LITERAL_NULL_CONVERSION = YES;
				CLANG_WARN_OBJC_IMPLICIT_RETAIN_SELF = YES;
				CLANG_WARN_OBJC_LITERAL_CONVERSION = YES;
				CLANG_WARN_OBJC_ROOT_CLASS = YES_ERROR;
				CLANG_WARN_QUOTED_INCLUDE_IN_FRAMEWORK_HEADER = YES;
				CLANG_WARN_RANGE_LOOP_ANALYSIS = YES;
				CLANG_WARN_STRICT_PROTOTYPES = YES;
				CLANG_WARN_SUSPICIOUS_MOVE = YES;
				CLANG_WARN_UNGUARDED_AVAILABILITY = YES_AGGRESSIVE;
				CLANG_WARN_UNREACHABLE_CODE = YES;
				CLANG_WARN__DUPLICATE_METHOD_MATCH = YES;
				COPY_PHASE_STRIP = NO;
				DEBUG_INFORMATION_FORMAT = "dwarf-with-dsym";
				ENABLE_NS_ASSERTIONS = NO;
				ENABLE_STRICT_OBJC_MSGSEND = YES;
				GCC_C_LANGUAGE_STANDARD = gnu11;
				GCC_NO_COMMON_BLOCKS = YES;
				GCC_WARN_64_TO_32_BIT_CONVERSION = YES;
				GCC_WARN_ABOUT_RETURN_TYPE = YES_ERROR;
				GCC_WARN_UNDECLARED_SELECTOR = YES;
				GCC_WARN_UNINITIALIZED_AUTOS = YES_AGGRESSIVE;
				GCC_WARN_UNUSED_FUNCTION = YES;
				GCC_WARN_UNUSED_VARIABLE = YES;
				IPHONEOS_DEPLOYMENT_TARGET = 15.4;
				MTL_ENABLE_DEBUG_INFO = NO;
				MTL_FAST_MATH = YES;
				SDKROOT = iphoneos;
				SWIFT_COMPILATION_MODE = wholemodule;
				SWIFT_OPTIMIZATION_LEVEL = "-O";
				VALIDATE_PRODUCT = YES;
			};
			name = Release;
		};
		12CA5B722819577900DBAD3A /* Debug */ = {
			isa = XCBuildConfiguration;
			buildSettings = {
				ASSETCATALOG_COMPILER_APPICON_NAME = AppIcon;
				ASSETCATALOG_COMPILER_GLOBAL_ACCENT_COLOR_NAME = AccentColor;
				CODE_SIGN_STYLE = Automatic;
				CURRENT_PROJECT_VERSION = 1;
				DEVELOPMENT_TEAM = 7J6C95TMNY;
				GENERATE_INFOPLIST_FILE = YES;
				INFOPLIST_FILE = Pomadoro/Info.plist;
				INFOPLIST_KEY_UIApplicationSupportsIndirectInputEvents = YES;
				INFOPLIST_KEY_UILaunchStoryboardName = LaunchScreen;
				INFOPLIST_KEY_UIMainStoryboardFile = Main;
				INFOPLIST_KEY_UISupportedInterfaceOrientations = UIInterfaceOrientationPortrait;
				INFOPLIST_KEY_UISupportedInterfaceOrientations_iPad = "UIInterfaceOrientationLandscapeLeft UIInterfaceOrientationLandscapeRight UIInterfaceOrientationPortrait UIInterfaceOrientationPortraitUpsideDown";
				LD_RUNPATH_SEARCH_PATHS = (
					"$(inherited)",
					"@executable_path/Frameworks",
				);
				MARKETING_VERSION = 1.0;
				PRODUCT_BUNDLE_IDENTIFIER = "com.my.HW-12-Abramov-Pavel-iOS5-Pomadoro";
				PRODUCT_NAME = "$(TARGET_NAME)";
				SUPPORTED_PLATFORMS = "iphoneos iphonesimulator";
				SUPPORTS_MACCATALYST = NO;
				SUPPORTS_MAC_DESIGNED_FOR_IPHONE_IPAD = NO;
				SUPPORTS_XR_DESIGNED_FOR_IPHONE_IPAD = NO;
				SWIFT_EMIT_LOC_STRINGS = YES;
				SWIFT_VERSION = 5.0;
				TARGETED_DEVICE_FAMILY = 1;
			};
			name = Debug;
		};
		12CA5B732819577900DBAD3A /* Release */ = {
			isa = XCBuildConfiguration;
			buildSettings = {
				ASSETCATALOG_COMPILER_APPICON_NAME = AppIcon;
				ASSETCATALOG_COMPILER_GLOBAL_ACCENT_COLOR_NAME = AccentColor;
				CODE_SIGN_STYLE = Automatic;
				CURRENT_PROJECT_VERSION = 1;
				DEVELOPMENT_TEAM = 7J6C95TMNY;
				GENERATE_INFOPLIST_FILE = YES;
				INFOPLIST_FILE = Pomadoro/Info.plist;
				INFOPLIST_KEY_UIApplicationSupportsIndirectInputEvents = YES;
				INFOPLIST_KEY_UILaunchStoryboardName = LaunchScreen;
				INFOPLIST_KEY_UIMainStoryboardFile = Main;
				INFOPLIST_KEY_UISupportedInterfaceOrientations = UIInterfaceOrientationPortrait;
				INFOPLIST_KEY_UISupportedInterfaceOrientations_iPad = "UIInterfaceOrientationLandscapeLeft UIInterfaceOrientationLandscapeRight UIInterfaceOrientationPortrait UIInterfaceOrientationPortraitUpsideDown";
				LD_RUNPATH_SEARCH_PATHS = (
					"$(inherited)",
					"@executable_path/Frameworks",
				);
				MARKETING_VERSION = 1.0;
				PRODUCT_BUNDLE_IDENTIFIER = "com.my.HW-12-Abramov-Pavel-iOS5-Pomadoro";
				PRODUCT_NAME = "$(TARGET_NAME)";
				SUPPORTED_PLATFORMS = "iphoneos iphonesimulator";
				SUPPORTS_MACCATALYST = NO;
				SUPPORTS_MAC_DESIGNED_FOR_IPHONE_IPAD = NO;
				SUPPORTS_XR_DESIGNED_FOR_IPHONE_IPAD = NO;
				SWIFT_EMIT_LOC_STRINGS = YES;
				SWIFT_VERSION = 5.0;
				TARGETED_DEVICE_FAMILY = 1;
			};
			name = Release;
		};
/* End XCBuildConfiguration section */

/* Begin XCConfigurationList section */
		12CA5B552819576900DBAD3A /* Build configuration list for PBXProject "Pomadoro" */ = {
			isa = XCConfigurationList;
			buildConfigurations = (
				12CA5B6F2819577900DBAD3A /* Debug */,
				12CA5B702819577900DBAD3A /* Release */,
			);
			defaultConfigurationIsVisible = 0;
			defaultConfigurationName = Release;
		};
		12CA5B712819577900DBAD3A /* Build configuration list for PBXNativeTarget "Pomadoro" */ = {
			isa = XCConfigurationList;
			buildConfigurations = (
				12CA5B722819577900DBAD3A /* Debug */,
				12CA5B732819577900DBAD3A /* Release */,
			);
			defaultConfigurationIsVisible = 0;
			defaultConfigurationName = Release;
		};
/* End XCConfigurationList section */

/* Begin XCVersionGroup section */
		12CA5B662819576900DBAD3A /* HW_12_Abramov_Pavel_iOS5_Pomadoro.xcdatamodeld */ = {
			isa = XCVersionGroup;
			children = (
				12CA5B672819576900DBAD3A /* HW_12_Abramov_Pavel_iOS5_Pomadoro.xcdatamodel */,
			);
			currentVersion = 12CA5B672819576900DBAD3A /* HW_12_Abramov_Pavel_iOS5_Pomadoro.xcdatamodel */;
			path = HW_12_Abramov_Pavel_iOS5_Pomadoro.xcdatamodeld;
			sourceTree = "<group>";
			versionGroupType = wrapper.xcdatamodel;
		};
/* End XCVersionGroup section */
	};
	rootObject = 12CA5B522819576900DBAD3A /* Project object */;
}
